
Microsoft Visual Studio Solution File, Format Version 12.00
Project("{FAE04EC0-301F-11D3-BF4B-00C04F79EFBC}") = "UFO.ProfileApi", "UFO.ProfileApi\UFO.ProfileApi.csproj", "{8CD9DBCC-2964-46D6-A86D-D46783348537}"
EndProject
Project("{2150E333-8FDC-42A3-9474-1A3956D46DE8}") = "Solution Items", "Solution Items", "{44514D66-6D41-4EB0-9654-7A1AAE4A537C}"
	ProjectSection(SolutionItems) = preProject
		compose.yaml = compose.yaml
	EndProjectSection
EndProject
Global
	GlobalSection(SolutionConfigurationPlatforms) = preSolution
		Debug|Any CPU = Debug|Any CPU
		Release|Any CPU = Release|Any CPU
	EndGlobalSection
	GlobalSection(ProjectConfigurationPlatforms) = postSolution
		{8CD9DBCC-2964-46D6-A86D-D46783348537}.Debug|Any CPU.ActiveCfg = Debug|Any CPU
		{8CD9DBCC-2964-46D6-A86D-D46783348537}.Debug|Any CPU.Build.0 = Debug|Any CPU
		{8CD9DBCC-2964-46D6-A86D-D46783348537}.Release|Any CPU.ActiveCfg = Release|Any CPU
		{8CD9DBCC-2964-46D6-A86D-D46783348537}.Release|Any CPU.Build.0 = Release|Any CPU
	EndGlobalSection
EndGlobal
